
Microsoft Visual Studio Solution File, Format Version 12.00
Project("{FAE04EC0-301F-11D3-BF4B-00C04F79EFBC}") = "BankAccount.Domain", "src\BankAccount.Domain\BankAccount.Domain.csproj", "{819A5253-6B70-4F43-AE55-2E4C3BEFED17}"
EndProject
Project("{FAE04EC0-301F-11D3-BF4B-00C04F79EFBC}") = "BankAccount.Repository", "src\BankAccount.Repository\BankAccount.Repository.csproj", "{A2919A86-19E1-4280-8B4C-41FC0B89D9A8}"
EndProject
Project("{FAE04EC0-301F-11D3-BF4B-00C04F79EFBC}") = "BankAccountTests.Domain.UnitTests", "tests\BankAccountTests.Domain.UnitTests\BankAccountTests.Domain.UnitTests.csproj", "{88156C31-D52D-404A-8C99-19CE01BA8395}"
EndProject
Project("{2150E333-8FDC-42A3-9474-1A3956D46DE8}") = "src", "src", "{A8BE8690-7029-4A97-9F37-02D8DF359E9D}"
EndProject
Project("{2150E333-8FDC-42A3-9474-1A3956D46DE8}") = "tests", "tests", "{CCC6764C-2D47-470D-B9A7-49AA07B5F0C7}"
EndProject
Global
	GlobalSection(SolutionConfigurationPlatforms) = preSolution
		Debug|Any CPU = Debug|Any CPU
		Release|Any CPU = Release|Any CPU
	EndGlobalSection
	GlobalSection(ProjectConfigurationPlatforms) = postSolution
		{819A5253-6B70-4F43-AE55-2E4C3BEFED17}.Debug|Any CPU.ActiveCfg = Debug|Any CPU
		{819A5253-6B70-4F43-AE55-2E4C3BEFED17}.Debug|Any CPU.Build.0 = Debug|Any CPU
		{819A5253-6B70-4F43-AE55-2E4C3BEFED17}.Release|Any CPU.ActiveCfg = Release|Any CPU
		{819A5253-6B70-4F43-AE55-2E4C3BEFED17}.Release|Any CPU.Build.0 = Release|Any CPU
		{A2919A86-19E1-4280-8B4C-41FC0B89D9A8}.Debug|Any CPU.ActiveCfg = Debug|Any CPU
		{A2919A86-19E1-4280-8B4C-41FC0B89D9A8}.Debug|Any CPU.Build.0 = Debug|Any CPU
		{A2919A86-19E1-4280-8B4C-41FC0B89D9A8}.Release|Any CPU.ActiveCfg = Release|Any CPU
		{A2919A86-19E1-4280-8B4C-41FC0B89D9A8}.Release|Any CPU.Build.0 = Release|Any CPU
		{88156C31-D52D-404A-8C99-19CE01BA8395}.Debug|Any CPU.ActiveCfg = Debug|Any CPU
		{88156C31-D52D-404A-8C99-19CE01BA8395}.Debug|Any CPU.Build.0 = Debug|Any CPU
		{88156C31-D52D-404A-8C99-19CE01BA8395}.Release|Any CPU.ActiveCfg = Release|Any CPU
		{88156C31-D52D-404A-8C99-19CE01BA8395}.Release|Any CPU.Build.0 = Release|Any CPU
	EndGlobalSection
	GlobalSection(NestedProjects) = preSolution
		{819A5253-6B70-4F43-AE55-2E4C3BEFED17} = {A8BE8690-7029-4A97-9F37-02D8DF359E9D}
		{A2919A86-19E1-4280-8B4C-41FC0B89D9A8} = {A8BE8690-7029-4A97-9F37-02D8DF359E9D}
		{88156C31-D52D-404A-8C99-19CE01BA8395} = {CCC6764C-2D47-470D-B9A7-49AA07B5F0C7}
	EndGlobalSection
EndGlobal
